# THIS IS AN AUTOGENERATED FILE. DO NOT EDIT THIS FILE DIRECTLY.
# yarn lockfile v1


acorn@^5.2.1:
  version "5.7.4"
  resolved "https://registry.yarnpkg.com/acorn/-/acorn-5.7.4.tgz#3e8d8a9947d0599a1796d10225d7432f4a4acf5e"
  integrity sha512-1D++VG7BhrtvQpNbBzovKNc1FLGGEE/oGe7b9xJm/RFHMBeUaUGpluV9RLjZa47YFdPcDAenEYuq9pQPcMdLJg==

amdefine@>=0.0.4:
  version "1.0.1"
  resolved "https://registry.yarnpkg.com/amdefine/-/amdefine-1.0.1.tgz#4a5282ac164729e93619bcfd3ad151f817ce91f5"
  integrity sha512-S2Hw0TtNkMJhIabBwIojKL9YHO5T0n5eNqWJ7Lrlel/zDbftQpxpapi8tZs3X1HWa+u+QeydGmzzNU0m09+Rcg==

ast-types@0.9.6:
  version "0.9.6"
  resolved "https://registry.yarnpkg.com/ast-types/-/ast-types-0.9.6.tgz#102c9e9e9005d3e7e3829bf0c4fa24ee862ee9b9"
  integrity sha512-qEdtR2UH78yyHX/AUNfXmJTlM48XoFZKBdwi1nzkI1mJL21cmbu0cvjxjpkXJ5NENMq42H+hNs8VLJcqXLerBQ==

balanced-match@^1.0.0:
  version "1.0.2"
  resolved "https://registry.yarnpkg.com/balanced-match/-/balanced-match-1.0.2.tgz#e83e3a7e3f300b34cb9d87f615fa0cbf357690ee"
  integrity sha512-3oSeUO0TMV67hN1AmbXsK4yaqU7tjiHlbxRDZOpH0KW9+CeX4bRAaX0Anxt0tx2MrpRpWwQaPwIlISEJhYU5Pw==

base62@^1.1.0:
  version "1.2.8"
  resolved "https://registry.yarnpkg.com/base62/-/base62-1.2.8.tgz#1264cb0fb848d875792877479dbe8bae6bae3428"
  integrity sha512-V6YHUbjLxN1ymqNLb1DPHoU1CpfdL7d2YTIp5W3U4hhoG4hhxNmsFDs66M9EXxBiSEke5Bt5dwdfMwwZF70iLA==

brace-expansion@^1.1.7:
  version "1.1.11"
  resolved "https://registry.yarnpkg.com/brace-expansion/-/brace-expansion-1.1.11.tgz#3c7fcbf529d87226f3d2f52b966ff5271eb441dd"
  integrity sha512-iCuPHDFgrHX7H2vEI/5xpz07zSHB00TpugqhmYtVmMO6518mCuRMoOYFldEBl0g187ufozdaHgWKcYFb61qGiA==
  dependencies:
    balanced-match "^1.0.0"
    concat-map "0.0.1"

commander@^2.5.0:
  version "2.20.3"
  resolved "https://registry.yarnpkg.com/commander/-/commander-2.20.3.tgz#fd485e84c03eb4881c20722ba48035e8531aeb33"
  integrity sha512-GpVkmM8vF2vQUkj2LvZmD35JxeJOLCwJ9cUkugyk2nuhbv3+mJvpLYYt+0+USMxE+oj+ey/lJEnhZw75x/OMcQ==

commoner@^0.10.1:
  version "0.10.8"
  resolved "https://registry.yarnpkg.com/commoner/-/commoner-0.10.8.tgz#34fc3672cd24393e8bb47e70caa0293811f4f2c5"
  integrity sha512-3/qHkNMM6o/KGXHITA14y78PcfmXh4+AOCJpSoF73h4VY1JpdGv3CHMS5+JW6SwLhfJt4RhNmLAa7+RRX/62EQ==
  dependencies:
    commander "^2.5.0"
    detective "^4.3.1"
    glob "^5.0.15"
    graceful-fs "^4.1.2"
    iconv-lite "^0.4.5"
    mkdirp "^0.5.0"
    private "^0.1.6"
    q "^1.1.2"
    recast "^0.11.17"

concat-map@0.0.1:
  version "0.0.1"
  resolved "https://registry.yarnpkg.com/concat-map/-/concat-map-0.0.1.tgz#d8a96bd77fd68df7793a73036a3ba0d5405d477b"
  integrity sha512-/Srv4dswyQNBfohGpz9o6Yb3Gz3SrUDqBH5rTuhGR7ahtlbYKnVxw2bCFMRljaA7EXHaXZ8wsHdodFvbkhKmqg==

defined@^1.0.0:
  version "1.0.1"
  resolved "https://registry.yarnpkg.com/defined/-/defined-1.0.1.tgz#c0b9db27bfaffd95d6f61399419b893df0f91ebf"
  integrity sha512-hsBd2qSVCRE+5PmNdHt1uzyrFu5d3RwmFDKzyNZMFq/EwDNJF7Ee5+D5oEKF0hU6LhtoUF1macFvOe4AskQC1Q==

detective@^4.3.1:
  version "4.7.1"
  resolved "https://registry.yarnpkg.com/detective/-/detective-4.7.1.tgz#0eca7314338442febb6d65da54c10bb1c82b246e"
  integrity sha512-H6PmeeUcZloWtdt4DAkFyzFL94arpHr3NOwwmVILFiy+9Qd4JTxxXrzfyGk/lmct2qVGBwTSwSXagqu2BxmWig==
  dependencies:
    acorn "^5.2.1"
    defined "^1.0.0"

esprima-fb@^15001.1.0-dev-harmony-fb:
  version "15001.1.0-dev-harmony-fb"
  resolved "https://registry.yarnpkg.com/esprima-fb/-/esprima-fb-15001.1.0-dev-harmony-fb.tgz#30a947303c6b8d5e955bee2b99b1d233206a6901"
  integrity sha512-59dDGQo2b3M/JfKIws0/z8dcXH2mnVHkfSPRhCYS91JNGfGNwr7GsSF6qzWZuOGvw5Ii0w9TtylrX07MGmlOoQ==

esprima@^4.0.1:
  version "4.0.1"
  resolved "https://registry.yarnpkg.com/esprima/-/esprima-4.0.1.tgz#13b04cdb3e6c5d19df91ab6987a8695619b0aa71"
  integrity sha512-eGuFFw7Upda+g4p+QHvnW0RyTX/SVeJBDM/gCtMARO0cLuT2HcEKnTPvhjV6aGeqrCB/sbNop0Kszm0jsaWU4A==

esprima@~3.1.0:
  version "3.1.3"
  resolved "https://registry.yarnpkg.com/esprima/-/esprima-3.1.3.tgz#fdca51cee6133895e3c88d535ce49dbff62a4633"
  integrity sha512-AWwVMNxwhN8+NIPQzAQZCm7RkLC4RbM3B1OobMuyp3i+w73X57KCKaVIxaRZb+DYCojq7rspo+fmuQfAboyhFg==

glob@^5.0.15:
  version "5.0.15"
  resolved "https://registry.yarnpkg.com/glob/-/glob-5.0.15.tgz#1bc936b9e02f4a603fcc222ecf7633d30b8b93b1"
  integrity sha512-c9IPMazfRITpmAAKi22dK1VKxGDX9ehhqfABDriL/lzO92xcUKEJPQHrVA/2YHSNFB4iFlykVmWvwo48nr3OxA==
  dependencies:
    inflight "^1.0.4"
    inherits "2"
    minimatch "2 || 3"
    once "^1.3.0"
    path-is-absolute "^1.0.0"

graceful-fs@^4.1.2:
  version "4.2.11"
  resolved "https://registry.yarnpkg.com/graceful-fs/-/graceful-fs-4.2.11.tgz#4183e4e8bf08bb6e05bbb2f7d2e0c8f712ca40e3"
  integrity sha512-RbJ5/jmFcNNCcDV5o9eTnBLJ/HszWV0P73bc+Ff4nS/rJj+YaS6IGyiOL0VoBYX+l1Wrl3k63h/KrH+nhJ0XvQ==

iconv-lite@^0.4.5:
  version "0.4.24"
  resolved "https://registry.yarnpkg.com/iconv-lite/-/iconv-lite-0.4.24.tgz#2022b4b25fbddc21d2f524974a474aafe733908b"
  integrity sha512-v3MXnZAcvnywkTUEZomIActle7RXXeedOR31wwl7VlyoXO4Qi9arvSenNQWne1TcRwhCL1HwLI21bEqdpj8/rA==
  dependencies:
    safer-buffer ">= 2.1.2 < 3"

inflight@^1.0.4:
  version "1.0.6"
  resolved "https://registry.yarnpkg.com/inflight/-/inflight-1.0.6.tgz#49bd6331d7d02d0c09bc910a1075ba8165b56df9"
  integrity sha512-k92I/b08q4wvFscXCLvqfsHCrjrF7yiXsQuIVvVE7N82W3+aqpzuUdBbfhWcy/FZR3/4IgflMgKLOsvPDrGCJA==
  dependencies:
    once "^1.3.0"
    wrappy "1"

inherits@2:
  version "2.0.4"
  resolved "https://registry.yarnpkg.com/inherits/-/inherits-2.0.4.tgz#0fa2c64f932917c3433a0ded55363aae37416b7c"
  integrity sha512-k/vGaX4/Yla3WzyMCvTQOXYeIHvqOKtnqBduzTHpzpQZzAskKMhZ2K+EnBiSM9zGSoIFeMpXKxa4dYeZIQqewQ==

jstransform@^11.0.3:
  version "11.0.3"
  resolved "https://registry.yarnpkg.com/jstransform/-/jstransform-11.0.3.tgz#09a78993e0ae4d4ef4487f6155a91f6190cb4223"
  integrity sha512-LGm87w0A8E92RrcXt94PnNHkFqHmgDy3mKHvNZOG7QepKCTCH/VB6S+IEN+bT4uLN3gVpOT0vvOOVd96osG71g==
  dependencies:
    base62 "^1.1.0"
    commoner "^0.10.1"
    esprima-fb "^15001.1.0-dev-harmony-fb"
    object-assign "^2.0.0"
    source-map "^0.4.2"

"minimatch@2 || 3":
  version "3.1.2"
  resolved "https://registry.yarnpkg.com/minimatch/-/minimatch-3.1.2.tgz#19cd194bfd3e428f049a70817c038d89ab4be35b"
  integrity sha512-J7p63hRiAjw1NDEww1W7i37+ByIrOWO5XQQAzZ3VOcL0PNybwpfmV/N05zFAzwQ9USyEcX6t3UO+K5aqBQOIHw==
  dependencies:
    brace-expansion "^1.1.7"

minimist@^1.2.6:
  version "1.2.8"
  resolved "https://registry.yarnpkg.com/minimist/-/minimist-1.2.8.tgz#c1a464e7693302e082a075cee0c057741ac4772c"
  integrity sha512-2yyAR8qBkN3YuheJanUpWC5U3bb5osDywNB8RzDVlDwDHbocAJveqqj1u8+SVD7jkWT4yvsHCpWqqWqAxb0zCA==

mkdirp@^0.5.0:
  version "0.5.6"
  resolved "https://registry.yarnpkg.com/mkdirp/-/mkdirp-0.5.6.tgz#7def03d2432dcae4ba1d611445c48396062255f6"
  integrity sha512-FP+p8RB8OWpF3YZBCrP5gtADmtXApB5AMLn+vdyA+PyxCjrCs00mjyUozssO33cwDeT3wNGdLxJ5M//YqtHAJw==
  dependencies:
    minimist "^1.2.6"

object-assign@^2.0.0:
  version "2.1.1"
  resolved "https://registry.yarnpkg.com/object-assign/-/object-assign-2.1.1.tgz#43c36e5d569ff8e4816c4efa8be02d26967c18aa"
  integrity sha512-CdsOUYIh5wIiozhJ3rLQgmUTgcyzFwZZrqhkKhODMoGtPKM+wt0h0CNIoauJWMsS9822EdzPsF/6mb4nLvPN5g==

once@^1.3.0:
  version "1.4.0"
  resolved "https://registry.yarnpkg.com/once/-/once-1.4.0.tgz#583b1aa775961d4b113ac17d9c50baef9dd76bd1"
  integrity sha512-lNaJgI+2Q5URQBkccEKHTQOPaXdUxnZZElQTZY0MFUAuaEqe1E+Nyvgdz/aIyNi6Z9MzO5dv1H8n58/GELp3+w==
  dependencies:
    wrappy "1"

path-is-absolute@^1.0.0:
  version "1.0.1"
  resolved "https://registry.yarnpkg.com/path-is-absolute/-/path-is-absolute-1.0.1.tgz#174b9268735534ffbc7ace6bf53a5a9e1b5c5f5f"
  integrity sha512-AVbw3UJ2e9bq64vSaS9Am0fje1Pa8pbGqTTsmXfaIiMpnr5DlDhfJOuLj9Sf95ZPVDAUerDfEk88MPmPe7UCQg==

private@^0.1.6, private@~0.1.5:
  version "0.1.8"
  resolved "https://registry.yarnpkg.com/private/-/private-0.1.8.tgz#2381edb3689f7a53d653190060fcf822d2f368ff"
  integrity sha512-VvivMrbvd2nKkiG38qjULzlc+4Vx4wm/whI9pQD35YrARNnhxeiRktSOhSukRLFNlzg6Br/cJPet5J/u19r/mg==

q@^1.1.2:
  version "1.5.1"
  resolved "https://registry.yarnpkg.com/q/-/q-1.5.1.tgz#7e32f75b41381291d04611f1bf14109ac00651d7"
  integrity sha512-kV/CThkXo6xyFEZUugw/+pIOywXcDbFYgSct5cT3gqlbkBE1SJdwy6UQoZvodiWF/ckQLZyDE/Bu1M6gVu5lVw==

recast@^0.11.17:
  version "0.11.23"
  resolved "https://registry.yarnpkg.com/recast/-/recast-0.11.23.tgz#451fd3004ab1e4df9b4e4b66376b2a21912462d3"
  integrity sha512-+nixG+3NugceyR8O1bLU45qs84JgI3+8EauyRZafLgC9XbdAOIVgwV1Pe2da0YzGo62KzWoZwUpVEQf6qNAXWA==
  dependencies:
    ast-types "0.9.6"
    esprima "~3.1.0"
    private "~0.1.5"
    source-map "~0.5.0"

"safer-buffer@>= 2.1.2 < 3":
  version "2.1.2"
  resolved "https://registry.yarnpkg.com/safer-buffer/-/safer-buffer-2.1.2.tgz#44fa161b0187b9549dd84bb91802f9bd8385cd6a"
  integrity sha512-YZo3K82SD7Riyi0E1EQPojLz7kpepnSQI9IyPbHHg1XXXevb5dJI7tpyN2ADxGcQbHG7vcyRHk0cbwqcQriUtg==

source-map@^0.4.2:
  version "0.4.4"
  resolved "https://registry.yarnpkg.com/source-map/-/source-map-0.4.4.tgz#eba4f5da9c0dc999de68032d8b4f76173652036b"
  integrity sha512-Y8nIfcb1s/7DcobUz1yOO1GSp7gyL+D9zLHDehT7iRESqGSxjJ448Sg7rvfgsRJCnKLdSl11uGf0s9X80cH0/A==
  dependencies:
    amdefine ">=0.0.4"

source-map@~0.5.0:
  version "0.5.7"
  resolved "https://registry.yarnpkg.com/source-map/-/source-map-0.5.7.tgz#8a039d2d1021d22d1ea14c80d8ea468ba2ef3fcc"
  integrity sha512-LbrmJOMUSdEVxIKvdcJzQC+nQhe8FUZQTXQy6+I75skNgn3OoQ0DZA8YnFa7gp8tqtL3KPf1kmo0R5DoApeSGQ==

wrappy@1:
  version "1.0.2"
  resolved "https://registry.yarnpkg.com/wrappy/-/wrappy-1.0.2.tgz#b5243d8f3ec1aa35f1364605bc0d1036e30ab69f"
  integrity sha512-l4Sp/DRseor9wL6EvV2+TuQn63dMkPjZ/sp9XkghTEbV9KlPS1xUsZ3u7/IQO4wxtcFB4bgpQPRcR3QCvezPcQ==
